
Microsoft Visual Studio Solution File, Format Version 12.00
# Visual Studio Version 17
VisualStudioVersion = 17.3.32922.545
MinimumVisualStudioVersion = 10.0.40219.1
Project("{FAE04EC0-301F-11D3-BF4B-00C04F79EFBC}") = "Formularios", "Formularios\Formularios.csproj", "{E021327A-FD56-4237-A26C-5DCFE9CD1DD1}"
EndProject
Project("{FAE04EC0-301F-11D3-BF4B-00C04F79EFBC}") = "Datos", "Datos\Datos.csproj", "{58DFFB84-431F-4EAF-AA29-814C8D6A7479}"
EndProject
Project("{FAE04EC0-301F-11D3-BF4B-00C04F79EFBC}") = "Entidades", "Entidades\Entidades.csproj", "{7073EA3C-DEA7-494E-9008-4F60501D7F2B}"
EndProject
Global
	GlobalSection(SolutionConfigurationPlatforms) = preSolution
		Debug|Any CPU = Debug|Any CPU
		Release|Any CPU = Release|Any CPU
	EndGlobalSection
	GlobalSection(ProjectConfigurationPlatforms) = postSolution
		{E021327A-FD56-4237-A26C-5DCFE9CD1DD1}.Debug|Any CPU.ActiveCfg = Debug|Any CPU
		{E021327A-FD56-4237-A26C-5DCFE9CD1DD1}.Debug|Any CPU.Build.0 = Debug|Any CPU
		{E021327A-FD56-4237-A26C-5DCFE9CD1DD1}.Release|Any CPU.ActiveCfg = Release|Any CPU
		{E021327A-FD56-4237-A26C-5DCFE9CD1DD1}.Release|Any CPU.Build.0 = Release|Any CPU
		{58DFFB84-431F-4EAF-AA29-814C8D6A7479}.Debug|Any CPU.ActiveCfg = Debug|Any CPU
		{58DFFB84-431F-4EAF-AA29-814C8D6A7479}.Debug|Any CPU.Build.0 = Debug|Any CPU
		{58DFFB84-431F-4EAF-AA29-814C8D6A7479}.Release|Any CPU.ActiveCfg = Release|Any CPU
		{58DFFB84-431F-4EAF-AA29-814C8D6A7479}.Release|Any CPU.Build.0 = Release|Any CPU
		{7073EA3C-DEA7-494E-9008-4F60501D7F2B}.Debug|Any CPU.ActiveCfg = Debug|Any CPU
		{7073EA3C-DEA7-494E-9008-4F60501D7F2B}.Debug|Any CPU.Build.0 = Debug|Any CPU
		{7073EA3C-DEA7-494E-9008-4F60501D7F2B}.Release|Any CPU.ActiveCfg = Release|Any CPU
		{7073EA3C-DEA7-494E-9008-4F60501D7F2B}.Release|Any CPU.Build.0 = Release|Any CPU
	EndGlobalSection
	GlobalSection(SolutionProperties) = preSolution
		HideSolutionNode = FALSE
	EndGlobalSection
	GlobalSection(ExtensibilityGlobals) = postSolution
		SolutionGuid = {B628A897-B03C-41DD-B386-F782C135EE30}
	EndGlobalSection
EndGlobal
